{
  "version": 4,
  "terraform_version": "1.0.0",
  "serial": 1,
  "lineage": "12345678-1234-1234-1234-123456789012",
  "outputs": {},
  "resources": [
    {
      "mode": "managed",
      "type": "aws_instance",
      "name": "web",
      "provider": "provider[\"registry.terraform.io/hashicorp/aws\"]",
      "instances": [
        {
          "schema_version": 1,
          "attributes": {
            "id": "i-1234567890abcdef0",
            "ami": "ami-0c55b159cbfafe1f0",
            "arn": "arn:aws:ec2:us-west-2:123456789012:instance/i-1234567890abcdef0",
            "associate_public_ip_address": true,
            "availability_zone": "us-west-2a",
            "cpu_core_count": 2,
            "cpu_threads_per_core": 2,
            "instance_type": "t2.micro",
            "key_name": "test-key",
            "subnet_id": "subnet-12345678",
            "tags": {
              "Name": "HelloWorld",
              "Environment": "test"
            },
            "vpc_security_group_ids": [
              "sg-12345678"
            ],
            "root_block_device": [
              {
                 "delete_on_termination": true,
                 "device_name": "/dev/sda1",
                 "encrypted": false,
                 "iops": 3000,
                 "kms_key_id": "",
                 "tags": {},
                 "throughput": 125,
                 "volume_id": "vol-root123",
                 "volume_size": 10,
                 "volume_type": "gp3"
              }
            ],
            "ebs_block_device": [
              {
                "delete_on_termination": false,
                "device_name": "/dev/sdf",
                "encrypted": true,
                "iops": 3000,
                "kms_key_id": "",
                "snapshot_id": "",
                "tags": { "Purpose": "Data" },
                "throughput": 125,
                "volume_id": "vol-data123",
                "volume_size": 20,
                "volume_type": "gp3"
              }
            ]
          },
          "sensitive_attributes": [],
          "private": "..."
        }
      ]
    },
    {
      "mode": "managed",
      "type": "aws_instance",
      "name": "web",
      "provider": "provider[\"registry.terraform.io/hashicorp/aws\"]",
      "each": "list",
      "instances": [
        {
          "index_key": 0,
          "schema_version": 1,
          "attributes": {
            "id": "i-0987654321fedcba0",
            "ami": "ami-0c55b159cbfafe1f0",
            "arn": "arn:aws:ec2:us-west-2:123456789012:instance/i-0987654321fedcba0",
            "associate_public_ip_address": true,
            "availability_zone": "us-west-2b",
            "cpu_core_count": 2,
            "cpu_threads_per_core": 2,
            "instance_type": "t2.small",
            "key_name": "test-key-module",
            "subnet_id": "subnet-87654321",
            "tags": {
              "Name": "ModuleInstance",
              "Environment": "staging"
            },
            "vpc_security_group_ids": [
              "sg-87654321"
            ]
          },
          "sensitive_attributes": [],
          "private": "...",
          "dependencies": [
            "module.ec2_instances"
          ]
        }
      ]
    }
  ]
}